PODS:
  - Nimble (7.0.2)
  - Quick (1.2.0)
  - RxCam (0.1.0):
    - RxCocoa
    - RxGesture
    - RxSwift
    - RxSwiftExt
  - RxCocoa (4.1.2):
    - RxSwift (~> 4.0)
  - RxGesture (1.2.1):
    - RxCocoa (~> 4.0)
    - RxSwift (~> 4.0)
  - RxSwift (4.1.2)
  - RxSwiftExt (3.1.0):
    - RxSwiftExt/Core (= 3.1.0)
  - RxSwiftExt/Core (3.1.0):
    - RxSwift (~> 4.0)

DEPENDENCIES:
  - Nimble (= 7.0.2)
  - Quick (= 1.2.0)
  - RxCam (from `../`)
  - RxCocoa (= 4.1.2)
  - RxGesture (= 1.2.1)
  - RxSwift (= 4.1.2)
  - RxSwiftExt (= 3.1.0)

EXTERNAL SOURCES:
  RxCam:
    :path: ../

SPEC CHECKSUMS:
  Nimble: bfe1f814edabba69ff145cb1283e04ed636a67f2
  Quick: 58d203b1c5e27fff7229c4c1ae445ad7069a7a08
  RxCam: 28a5db43a580491b1c38d28839e4c9f91f416e7d
  RxCocoa: d88ba0f1f6abf040011a9eb4b539324fc426843a
  RxGesture: c278eb05b187abd47e11e65464ae4de53ab71d95
  RxSwift: e49536837d9901277638493ea537394d4b55f570
  RxSwiftExt: a9b9c8e94be009146707f9fcb16eaf3cc1f3910c

PODFILE CHECKSUM: be3017347fe4826d56845cc8996d6b2bb72e68a0

COCOAPODS: 1.4.0
